
Microsoft Visual Studio Solution File, Format Version 12.00
# Visual Studio Version 17
VisualStudioVersion = 17.4.33213.308
MinimumVisualStudioVersion = 10.0.40219.1
Project("{FAE04EC0-301F-11D3-BF4B-00C04F79EFBC}") = "clase_20_febrero", "clase_20_febrero\clase_20_febrero.csproj", "{12F412FB-5720-47D0-883D-896EB0CAB2EC}"
EndProject
Global
	GlobalSection(SolutionConfigurationPlatforms) = preSolution
		Debug|Any CPU = Debug|Any CPU
		Release|Any CPU = Release|Any CPU
	EndGlobalSection
	GlobalSection(ProjectConfigurationPlatforms) = postSolution
		{12F412FB-5720-47D0-883D-896EB0CAB2EC}.Debug|Any CPU.ActiveCfg = Debug|Any CPU
		{12F412FB-5720-47D0-883D-896EB0CAB2EC}.Debug|Any CPU.Build.0 = Debug|Any CPU
		{12F412FB-5720-47D0-883D-896EB0CAB2EC}.Release|Any CPU.ActiveCfg = Release|Any CPU
		{12F412FB-5720-47D0-883D-896EB0CAB2EC}.Release|Any CPU.Build.0 = Release|Any CPU
	EndGlobalSection
	GlobalSection(SolutionProperties) = preSolution
		HideSolutionNode = FALSE
	EndGlobalSection
	GlobalSection(ExtensibilityGlobals) = postSolution
		SolutionGuid = {DF00561A-C5B9-4340-A7DB-9A0A4409C895}
	EndGlobalSection
EndGlobal
