
Microsoft Visual Studio Solution File, Format Version 12.00
# Visual Studio Version 17
VisualStudioVersion = 17.4.33205.214
MinimumVisualStudioVersion = 10.0.40219.1
Project("{FAE04EC0-301F-11D3-BF4B-00C04F79EFBC}") = "SistemaDeParticulas2", "SistemaDeParticulas2.csproj", "{6453A4AF-8461-46E4-90D1-827DB2FFE239}"
EndProject
Global
	GlobalSection(SolutionConfigurationPlatforms) = preSolution
		Debug|Any CPU = Debug|Any CPU
		Release|Any CPU = Release|Any CPU
	EndGlobalSection
	GlobalSection(ProjectConfigurationPlatforms) = postSolution
		{6453A4AF-8461-46E4-90D1-827DB2FFE239}.Debug|Any CPU.ActiveCfg = Debug|Any CPU
		{6453A4AF-8461-46E4-90D1-827DB2FFE239}.Debug|Any CPU.Build.0 = Debug|Any CPU
		{6453A4AF-8461-46E4-90D1-827DB2FFE239}.Release|Any CPU.ActiveCfg = Release|Any CPU
		{6453A4AF-8461-46E4-90D1-827DB2FFE239}.Release|Any CPU.Build.0 = Release|Any CPU
	EndGlobalSection
	GlobalSection(SolutionProperties) = preSolution
		HideSolutionNode = FALSE
	EndGlobalSection
	GlobalSection(ExtensibilityGlobals) = postSolution
		SolutionGuid = {5E729C7A-BE42-4327-BA69-0637C245A771}
	EndGlobalSection
EndGlobal
